
Microsoft Visual Studio Solution File, Format Version 12.00
# Visual Studio 2013
VisualStudioVersion = 12.0.30110.0
MinimumVisualStudioVersion = 10.0.40219.1
Project("{2150E333-8FDC-42A3-9474-1A3956D46DE8}") = "Solution Items", "Solution Items", "{12512E75-20FE-42E6-BF58-657734FB36F3}"
	ProjectSection(SolutionItems) = preProject
		DecentDonkey.sln.DotSettings = DecentDonkey.sln.DotSettings
		PackNuget.ps1 = PackNuget.ps1
		Settings.StyleCop = Settings.StyleCop
		ThedmiDefaultFxCop.ruleset = ThedmiDefaultFxCop.ruleset
		VersionInfo.cs = VersionInfo.cs
	EndProjectSection
EndProject
Project("{FAE04EC0-301F-11D3-BF4B-00C04F79EFBC}") = "Belt", "Belt\Belt.csproj", "{E7F7EB38-C922-4A12-A18E-09F151E16EAA}"
EndProject
Project("{FAE04EC0-301F-11D3-BF4B-00C04F79EFBC}") = "BeltTest", "BeltTest\BeltTest.csproj", "{D61B417F-F827-48E7-B3CF-C8F5D6410779}"
EndProject
Global
	GlobalSection(SolutionConfigurationPlatforms) = preSolution
		Debug|Any CPU = Debug|Any CPU
		Release|Any CPU = Release|Any CPU
	EndGlobalSection
	GlobalSection(ProjectConfigurationPlatforms) = postSolution
		{E7F7EB38-C922-4A12-A18E-09F151E16EAA}.Debug|Any CPU.ActiveCfg = Debug|Any CPU
		{E7F7EB38-C922-4A12-A18E-09F151E16EAA}.Debug|Any CPU.Build.0 = Debug|Any CPU
		{E7F7EB38-C922-4A12-A18E-09F151E16EAA}.Release|Any CPU.ActiveCfg = Release|Any CPU
		{E7F7EB38-C922-4A12-A18E-09F151E16EAA}.Release|Any CPU.Build.0 = Release|Any CPU
		{D61B417F-F827-48E7-B3CF-C8F5D6410779}.Debug|Any CPU.ActiveCfg = Debug|Any CPU
		{D61B417F-F827-48E7-B3CF-C8F5D6410779}.Debug|Any CPU.Build.0 = Debug|Any CPU
		{D61B417F-F827-48E7-B3CF-C8F5D6410779}.Release|Any CPU.ActiveCfg = Release|Any CPU
		{D61B417F-F827-48E7-B3CF-C8F5D6410779}.Release|Any CPU.Build.0 = Release|Any CPU
	EndGlobalSection
	GlobalSection(SolutionProperties) = preSolution
		HideSolutionNode = FALSE
	EndGlobalSection
EndGlobal
